
Microsoft Visual Studio Solution File, Format Version 12.00
# Visual Studio 15
VisualStudioVersion = 15.0.28307.271
MinimumVisualStudioVersion = 10.0.40219.1
Project("{FAE04EC0-301F-11D3-BF4B-00C04F79EFBC}") = "BowlingKata", "BowlingKata\BowlingKata.csproj", "{EC7E5745-6990-4C93-81F5-D1886510E343}"
EndProject
Global
	GlobalSection(SolutionConfigurationPlatforms) = preSolution
		Debug|Any CPU = Debug|Any CPU
		Release|Any CPU = Release|Any CPU
	EndGlobalSection
	GlobalSection(ProjectConfigurationPlatforms) = postSolution
		{EC7E5745-6990-4C93-81F5-D1886510E343}.Debug|Any CPU.ActiveCfg = Debug|Any CPU
		{EC7E5745-6990-4C93-81F5-D1886510E343}.Debug|Any CPU.Build.0 = Debug|Any CPU
		{EC7E5745-6990-4C93-81F5-D1886510E343}.Release|Any CPU.ActiveCfg = Release|Any CPU
		{EC7E5745-6990-4C93-81F5-D1886510E343}.Release|Any CPU.Build.0 = Release|Any CPU
	EndGlobalSection
	GlobalSection(SolutionProperties) = preSolution
		HideSolutionNode = FALSE
	EndGlobalSection
	GlobalSection(ExtensibilityGlobals) = postSolution
		SolutionGuid = {518A62F9-3A5D-4E9A-9EDE-08E86112773E}
	EndGlobalSection
EndGlobal
